
Microsoft Visual Studio Solution File, Format Version 12.00
# Visual Studio Version 16
VisualStudioVersion = 16.0.30114.105
MinimumVisualStudioVersion = 10.0.40219.1
Project("{FAE04EC0-301F-11D3-BF4B-00C04F79EFBC}") = "ProyectoVectores", "ProyectoVectores\ProyectoVectores.csproj", "{C751B4BA-BCED-4877-B497-E86B7AFEA95D}"
EndProject
Global
	GlobalSection(SolutionConfigurationPlatforms) = preSolution
		Debug|Any CPU = Debug|Any CPU
		Release|Any CPU = Release|Any CPU
	EndGlobalSection
	GlobalSection(ProjectConfigurationPlatforms) = postSolution
		{C751B4BA-BCED-4877-B497-E86B7AFEA95D}.Debug|Any CPU.ActiveCfg = Debug|Any CPU
		{C751B4BA-BCED-4877-B497-E86B7AFEA95D}.Debug|Any CPU.Build.0 = Debug|Any CPU
		{C751B4BA-BCED-4877-B497-E86B7AFEA95D}.Release|Any CPU.ActiveCfg = Release|Any CPU
		{C751B4BA-BCED-4877-B497-E86B7AFEA95D}.Release|Any CPU.Build.0 = Release|Any CPU
	EndGlobalSection
	GlobalSection(SolutionProperties) = preSolution
		HideSolutionNode = FALSE
	EndGlobalSection
	GlobalSection(ExtensibilityGlobals) = postSolution
		SolutionGuid = {A179D364-F9B5-4699-B3D8-E03774E2E732}
	EndGlobalSection
EndGlobal
